// !$*UTF8*$!
{
	archiveVersion = 1;
	classes = {
	};
	objectVersion = 56;
	objects = {

/* Begin PBXBuildFile section */
		0CC974012B7FD13C00354514 /* AppDelegate.swift in Sources */ = {isa = PBXBuildFile; fileRef = 0CC974002B7FD13C00354514 /* AppDelegate.swift */; };
		0CC974032B7FD13C00354514 /* SceneDelegate.swift in Sources */ = {isa = PBXBuildFile; fileRef = 0CC974022B7FD13C00354514 /* SceneDelegate.swift */; };
		0CC974052B7FD13C00354514 /* ViewController.swift in Sources */ = {isa = PBXBuildFile; fileRef = 0CC974042B7FD13C00354514 /* ViewController.swift */; };
		0CC974082B7FD13C00354514 /* Main.storyboard in Resources */ = {isa = PBXBuildFile; fileRef = 0CC974062B7FD13C00354514 /* Main.storyboard */; };
		0CC9740A2B7FD13E00354514 /* Assets.xcassets in Resources */ = {isa = PBXBuildFile; fileRef = 0CC974092B7FD13E00354514 /* Assets.xcassets */; };
		0CC9740D2B7FD13E00354514 /* LaunchScreen.storyboard in Resources */ = {isa = PBXBuildFile; fileRef = 0CC9740B2B7FD13E00354514 /* LaunchScreen.storyboard */; };
		0CC974182B7FD13E00354514 /* labCalculatorTests.swift in Sources */ = {isa = PBXBuildFile; fileRef = 0CC974172B7FD13E00354514 /* labCalculatorTests.swift */; };
		0CC974222B7FD13E00354514 /* labCalculatorUITests.swift in Sources */ = {isa = PBXBuildFile; fileRef = 0CC974212B7FD13E00354514 /* labCalculatorUITests.swift */; };
		0CC974242B7FD13E00354514 /* labCalculatorUITestsLaunchTests.swift in Sources */ = {isa = PBXBuildFile; fileRef = 0CC974232B7FD13E00354514 /* labCalculatorUITestsLaunchTests.swift */; };
/* End PBXBuildFile section */

/* Begin PBXContainerItemProxy section */
		0CC974142B7FD13E00354514 /* PBXContainerItemProxy */ = {
			isa = PBXContainerItemProxy;
			containerPortal = 0CC973F52B7FD13C00354514 /* Project object */;
			proxyType = 1;
			remoteGlobalIDString = 0CC973FC2B7FD13C00354514;
			remoteInfo = labCalculator;
		};
		0CC9741E2B7FD13E00354514 /* PBXContainerItemProxy */ = {
			isa = PBXContainerItemProxy;
			containerPortal = 0CC973F52B7FD13C00354514 /* Project object */;
			proxyType = 1;
			remoteGlobalIDString = 0CC973FC2B7FD13C00354514;
			remoteInfo = labCalculator;
		};
/* End PBXContainerItemProxy section */

/* Begin PBXFileReference section */
		0CC973FD2B7FD13C00354514 /* labCalculator.app */ = {isa = PBXFileReference; explicitFileType = wrapper.application; includeInIndex = 0; path = labCalculator.app; sourceTree = BUILT_PRODUCTS_DIR; };
		0CC974002B7FD13C00354514 /* AppDelegate.swift */ = {isa = PBXFileReference; lastKnownFileType = sourcecode.swift; path = AppDelegate.swift; sourceTree = "<group>"; };
		0CC974022B7FD13C00354514 /* SceneDelegate.swift */ = {isa = PBXFileReference; lastKnownFileType = sourcecode.swift; path = SceneDelegate.swift; sourceTree = "<group>"; };
		0CC974042B7FD13C00354514 /* ViewController.swift */ = {isa = PBXFileReference; lastKnownFileType = sourcecode.swift; path = ViewController.swift; sourceTree = "<group>"; };
		0CC974072B7FD13C00354514 /* Base */ = {isa = PBXFileReference; lastKnownFileType = file.storyboard; name = Base; path = Base.lproj/Main.storyboard; sourceTree = "<group>"; };
		0CC974092B7FD13E00354514 /* Assets.xcassets */ = {isa = PBXFileReference; lastKnownFileType = folder.assetcatalog; path = Assets.xcassets; sourceTree = "<group>"; };
		0CC9740C2B7FD13E00354514 /* Base */ = {isa = PBXFileReference; lastKnownFileType = file.storyboard; name = Base; path = Base.lproj/LaunchScreen.storyboard; sourceTree = "<group>"; };
		0CC9740E2B7FD13E00354514 /* Info.plist */ = {isa = PBXFileReference; lastKnownFileType = text.plist.xml; path = Info.plist; sourceTree = "<group>"; };
		0CC974132B7FD13E00354514 /* labCalculatorTests.xctest */ = {isa = PBXFileReference; explicitFileType = wrapper.cfbundle; includeInIndex = 0; path = labCalculatorTests.xctest; sourceTree = BUILT_PRODUCTS_DIR; };
		0CC974172B7FD13E00354514 /* labCalculatorTests.swift */ = {isa = PBXFileReference; lastKnownFileType = sourcecode.swift; path = labCalculatorTests.swift; sourceTree = "<group>"; };
		0CC9741D2B7FD13E00354514 /* labCalculatorUITests.xctest */ = {isa = PBXFileReference; explicitFileType = wrapper.cfbundle; includeInIndex = 0; path = labCalculatorUITests.xctest; sourceTree = BUILT_PRODUCTS_DIR; };
		0CC974212B7FD13E00354514 /* labCalculatorUITests.swift */ = {isa = PBXFileReference; lastKnownFileType = sourcecode.swift; path = labCalculatorUITests.swift; sourceTree = "<group>"; };
		0CC974232B7FD13E00354514 /* labCalculatorUITestsLaunchTests.swift */ = {isa = PBXFileReference; lastKnownFileType = sourcecode.swift; path = labCalculatorUITestsLaunchTests.swift; sourceTree = "<group>"; };
/* End PBXFileReference section */

/* Begin PBXFrameworksBuildPhase section */
		0CC973FA2B7FD13C00354514 /* Frameworks */ = {
			isa = PBXFrameworksBuildPhase;
			buildActionMask = 2147483647;
			files = (
			);
			runOnlyForDeploymentPostprocessing = 0;
		};
		0CC974102B7FD13E00354514 /* Frameworks */ = {
			isa = PBXFrameworksBuildPhase;
			buildActionMask = 2147483647;
			files = (
			);
			runOnlyForDeploymentPostprocessing = 0;
		};
		0CC9741A2B7FD13E00354514 /* Frameworks */ = {
			isa = PBXFrameworksBuildPhase;
			buildActionMask = 2147483647;
			files = (
			);
			runOnlyForDeploymentPostprocessing = 0;
		};
/* End PBXFrameworksBuildPhase section */

/* Begin PBXGroup section */
		0CC973F42B7FD13C00354514 = {
			isa = PBXGroup;
			children = (
				0CC973FF2B7FD13C00354514 /* labCalculator */,
				0CC974162B7FD13E00354514 /* labCalculatorTests */,
				0CC974202B7FD13E00354514 /* labCalculatorUITests */,
				0CC973FE2B7FD13C00354514 /* Products */,
			);
			sourceTree = "<group>";
		};
		0CC973FE2B7FD13C00354514 /* Products */ = {
			isa = PBXGroup;
			children = (
				0CC973FD2B7FD13C00354514 /* labCalculator.app */,
				0CC974132B7FD13E00354514 /* labCalculatorTests.xctest */,
				0CC9741D2B7FD13E00354514 /* labCalculatorUITests.xctest */,
			);
			name = Products;
			sourceTree = "<group>";
		};
		0CC973FF2B7FD13C00354514 /* labCalculator */ = {
			isa = PBXGroup;
			children = (
				0CC974002B7FD13C00354514 /* AppDelegate.swift */,
				0CC974022B7FD13C00354514 /* SceneDelegate.swift */,
				0CC974042B7FD13C00354514 /* ViewController.swift */,
				0CC974062B7FD13C00354514 /* Main.storyboard */,
				0CC974092B7FD13E00354514 /* Assets.xcassets */,
				0CC9740B2B7FD13E00354514 /* LaunchScreen.storyboard */,
				0CC9740E2B7FD13E00354514 /* Info.plist */,
			);
			path = labCalculator;
			sourceTree = "<group>";
		};
		0CC974162B7FD13E00354514 /* labCalculatorTests */ = {
			isa = PBXGroup;
			children = (
				0CC974172B7FD13E00354514 /* labCalculatorTests.swift */,
			);
			path = labCalculatorTests;
			sourceTree = "<group>";
		};
		0CC974202B7FD13E00354514 /* labCalculatorUITests */ = {
			isa = PBXGroup;
			children = (
				0CC974212B7FD13E00354514 /* labCalculatorUITests.swift */,
				0CC974232B7FD13E00354514 /* labCalculatorUITestsLaunchTests.swift */,
			);
			path = labCalculatorUITests;
			sourceTree = "<group>";
		};
/* End PBXGroup section */

/* Begin PBXNativeTarget section */
		0CC973FC2B7FD13C00354514 /* labCalculator */ = {
			isa = PBXNativeTarget;
			buildConfigurationList = 0CC974272B7FD13E00354514 /* Build configuration list for PBXNativeTarget "labCalculator" */;
			buildPhases = (
				0CC973F92B7FD13C00354514 /* Sources */,
				0CC973FA2B7FD13C00354514 /* Frameworks */,
				0CC973FB2B7FD13C00354514 /* Resources */,
			);
			buildRules = (
			);
			dependencies = (
			);
			name = labCalculator;
			productName = labCalculator;
			productReference = 0CC973FD2B7FD13C00354514 /* labCalculator.app */;
			productType = "com.apple.product-type.application";
		};
		0CC974122B7FD13E00354514 /* labCalculatorTests */ = {
			isa = PBXNativeTarget;
			buildConfigurationList = 0CC9742A2B7FD13E00354514 /* Build configuration list for PBXNativeTarget "labCalculatorTests" */;
			buildPhases = (
				0CC9740F2B7FD13E00354514 /* Sources */,
				0CC974102B7FD13E00354514 /* Frameworks */,
				0CC974112B7FD13E00354514 /* Resources */,
			);
			buildRules = (
			);
			dependencies = (
				0CC974152B7FD13E00354514 /* PBXTargetDependency */,
			);
			name = labCalculatorTests;
			productName = labCalculatorTests;
			productReference = 0CC974132B7FD13E00354514 /* labCalculatorTests.xctest */;
			productType = "com.apple.product-type.bundle.unit-test";
		};
		0CC9741C2B7FD13E00354514 /* labCalculatorUITests */ = {
			isa = PBXNativeTarget;
			buildConfigurationList = 0CC9742D2B7FD13E00354514 /* Build configuration list for PBXNativeTarget "labCalculatorUITests" */;
			buildPhases = (
				0CC974192B7FD13E00354514 /* Sources */,
				0CC9741A2B7FD13E00354514 /* Frameworks */,
				0CC9741B2B7FD13E00354514 /* Resources */,
			);
			buildRules = (
			);
			dependencies = (
				0CC9741F2B7FD13E00354514 /* PBXTargetDependency */,
			);
			name = labCalculatorUITests;
			productName = labCalculatorUITests;
			productReference = 0CC9741D2B7FD13E00354514 /* labCalculatorUITests.xctest */;
			productType = "com.apple.product-type.bundle.ui-testing";
		};
/* End PBXNativeTarget section */

/* Begin PBXProject section */
		0CC973F52B7FD13C00354514 /* Project object */ = {
			isa = PBXProject;
			attributes = {
				BuildIndependentTargetsInParallel = 1;
				LastSwiftUpdateCheck = 1430;
				LastUpgradeCheck = 1430;
				TargetAttributes = {
					0CC973FC2B7FD13C00354514 = {
						CreatedOnToolsVersion = 14.3.1;
					};
					0CC974122B7FD13E00354514 = {
						CreatedOnToolsVersion = 14.3.1;
						TestTargetID = 0CC973FC2B7FD13C00354514;
					};
					0CC9741C2B7FD13E00354514 = {
						CreatedOnToolsVersion = 14.3.1;
						TestTargetID = 0CC973FC2B7FD13C00354514;
					};
				};
			};
			buildConfigurationList = 0CC973F82B7FD13C00354514 /* Build configuration list for PBXProject "labCalculator" */;
			compatibilityVersion = "Xcode 14.0";
			developmentRegion = en;
			hasScannedForEncodings = 0;
			knownRegions = (
				en,
				Base,
			);
			mainGroup = 0CC973F42B7FD13C00354514;
			productRefGroup = 0CC973FE2B7FD13C00354514 /* Products */;
			projectDirPath = "";
			projectRoot = "";
			targets = (
				0CC973FC2B7FD13C00354514 /* labCalculator */,
				0CC974122B7FD13E00354514 /* labCalculatorTests */,
				0CC9741C2B7FD13E00354514 /* labCalculatorUITests */,
			);
		};
/* End PBXProject section */

/* Begin PBXResourcesBuildPhase section */
		0CC973FB2B7FD13C00354514 /* Resources */ = {
			isa = PBXResourcesBuildPhase;
			buildActionMask = 2147483647;
			files = (
				0CC9740D2B7FD13E00354514 /* LaunchScreen.storyboard in Resources */,
				0CC9740A2B7FD13E00354514 /* Assets.xcassets in Resources */,
				0CC974082B7FD13C00354514 /* Main.storyboard in Resources */,
			);
			runOnlyForDeploymentPostprocessing = 0;
		};
		0CC974112B7FD13E00354514 /* Resources */ = {
			isa = PBXResourcesBuildPhase;
			buildActionMask = 2147483647;
			files = (
			);
			runOnlyForDeploymentPostprocessing = 0;
		};
		0CC9741B2B7FD13E00354514 /* Resources */ = {
			isa = PBXResourcesBuildPhase;
			buildActionMask = 2147483647;
			files = (
			);
			runOnlyForDeploymentPostprocessing = 0;
		};
/* End PBXResourcesBuildPhase section */

/* Begin PBXSourcesBuildPhase section */
		0CC973F92B7FD13C00354514 /* Sources */ = {
			isa = PBXSourcesBuildPhase;
			buildActionMask = 2147483647;
			files = (
				0CC974052B7FD13C00354514 /* ViewController.swift in Sources */,
				0CC974012B7FD13C00354514 /* AppDelegate.swift in Sources */,
				0CC974032B7FD13C00354514 /* SceneDelegate.swift in Sources */,
			);
			runOnlyForDeploymentPostprocessing = 0;
		};
		0CC9740F2B7FD13E00354514 /* Sources */ = {
			isa = PBXSourcesBuildPhase;
			buildActionMask = 2147483647;
			files = (
				0CC974182B7FD13E00354514 /* labCalculatorTests.swift in Sources */,
			);
			runOnlyForDeploymentPostprocessing = 0;
		};
		0CC974192B7FD13E00354514 /* Sources */ = {
			isa = PBXSourcesBuildPhase;
			buildActionMask = 2147483647;
			files = (
				0CC974242B7FD13E00354514 /* labCalculatorUITestsLaunchTests.swift in Sources */,
				0CC974222B7FD13E00354514 /* labCalculatorUITests.swift in Sources */,
			);
			runOnlyForDeploymentPostprocessing = 0;
		};
/* End PBXSourcesBuildPhase section */

/* Begin PBXTargetDependency section */
		0CC974152B7FD13E00354514 /* PBXTargetDependency */ = {
			isa = PBXTargetDependency;
			target = 0CC973FC2B7FD13C00354514 /* labCalculator */;
			targetProxy = 0CC974142B7FD13E00354514 /* PBXContainerItemProxy */;
		};
		0CC9741F2B7FD13E00354514 /* PBXTargetDependency */ = {
			isa = PBXTargetDependency;
			target = 0CC973FC2B7FD13C00354514 /* labCalculator */;
			targetProxy = 0CC9741E2B7FD13E00354514 /* PBXContainerItemProxy */;
		};
/* End PBXTargetDependency section */

/* Begin PBXVariantGroup section */
		0CC974062B7FD13C00354514 /* Main.storyboard */ = {
			isa = PBXVariantGroup;
			children = (
				0CC974072B7FD13C00354514 /* Base */,
			);
			name = Main.storyboard;
			sourceTree = "<group>";
		};
		0CC9740B2B7FD13E00354514 /* LaunchScreen.storyboard */ = {
			isa = PBXVariantGroup;
			children = (
				0CC9740C2B7FD13E00354514 /* Base */,
			);
			name = LaunchScreen.storyboard;
			sourceTree = "<group>";
		};
/* End PBXVariantGroup section */

/* Begin XCBuildConfiguration section */
		0CC974252B7FD13E00354514 /* Debug */ = {
			isa = XCBuildConfiguration;
			buildSettings = {
				ALWAYS_SEARCH_USER_PATHS = NO;
				CLANG_ANALYZER_NONNULL = YES;
				CLANG_ANALYZER_NUMBER_OBJECT_CONVERSION = YES_AGGRESSIVE;
				CLANG_CXX_LANGUAGE_STANDARD = "gnu++20";
				CLANG_ENABLE_MODULES = YES;
				CLANG_ENABLE_OBJC_ARC = YES;
				CLANG_ENABLE_OBJC_WEAK = YES;
				CLANG_WARN_BLOCK_CAPTURE_AUTORELEASING = YES;
				CLANG_WARN_BOOL_CONVERSION = YES;
				CLANG_WARN_COMMA = YES;
				CLANG_WARN_CONSTANT_CONVERSION = YES;
				CLANG_WARN_DEPRECATED_OBJC_IMPLEMENTATIONS = YES;
				CLANG_WARN_DIRECT_OBJC_ISA_USAGE = YES_ERROR;
				CLANG_WARN_DOCUMENTATION_COMMENTS = YES;
				CLANG_WARN_EMPTY_BODY = YES;
				CLANG_WARN_ENUM_CONVERSION = YES;
				CLANG_WARN_INFINITE_RECURSION = YES;
				CLANG_WARN_INT_CONVERSION = YES;
				CLANG_WARN_NON_LITERAL_NULL_CONVERSION = YES;
				CLANG_WARN_OBJC_IMPLICIT_RETAIN_SELF = YES;
				CLANG_WARN_OBJC_LITERAL_CONVERSION = YES;
				CLANG_WARN_OBJC_ROOT_CLASS = YES_ERROR;
				CLANG_WARN_QUOTED_INCLUDE_IN_FRAMEWORK_HEADER = YES;
				CLANG_WARN_RANGE_LOOP_ANALYSIS = YES;
				CLANG_WARN_STRICT_PROTOTYPES = YES;
				CLANG_WARN_SUSPICIOUS_MOVE = YES;
				CLANG_WARN_UNGUARDED_AVAILABILITY = YES_AGGRESSIVE;
				CLANG_WARN_UNREACHABLE_CODE = YES;
				CLANG_WARN__DUPLICATE_METHOD_MATCH = YES;
				COPY_PHASE_STRIP = NO;
				DEBUG_INFORMATION_FORMAT = dwarf;
				ENABLE_STRICT_OBJC_MSGSEND = YES;
				ENABLE_TESTABILITY = YES;
				GCC_C_LANGUAGE_STANDARD = gnu11;
				GCC_DYNAMIC_NO_PIC = NO;
				GCC_NO_COMMON_BLOCKS = YES;
				GCC_OPTIMIZATION_LEVEL = 0;
				GCC_PREPROCESSOR_DEFINITIONS = (
					"DEBUG=1",
					"$(inherited)",
				);
				GCC_WARN_64_TO_32_BIT_CONVERSION = YES;
				GCC_WARN_ABOUT_RETURN_TYPE = YES_ERROR;
				GCC_WARN_UNDECLARED_SELECTOR = YES;
				GCC_WARN_UNINITIALIZED_AUTOS = YES_AGGRESSIVE;
				GCC_WARN_UNUSED_FUNCTION = YES;
				GCC_WARN_UNUSED_VARIABLE = YES;
				IPHONEOS_DEPLOYMENT_TARGET = 16.4;
				MTL_ENABLE_DEBUG_INFO = INCLUDE_SOURCE;
				MTL_FAST_MATH = YES;
				ONLY_ACTIVE_ARCH = YES;
				SDKROOT = iphoneos;
				SWIFT_ACTIVE_COMPILATION_CONDITIONS = DEBUG;
				SWIFT_OPTIMIZATION_LEVEL = "-Onone";
			};
			name = Debug;
		};
		0CC974262B7FD13E00354514 /* Release */ = {
			isa = XCBuildConfiguration;
			buildSettings = {
				ALWAYS_SEARCH_USER_PATHS = NO;
				CLANG_ANALYZER_NONNULL = YES;
				CLANG_ANALYZER_NUMBER_OBJECT_CONVERSION = YES_AGGRESSIVE;
				CLANG_CXX_LANGUAGE_STANDARD = "gnu++20";
				CLANG_ENABLE_MODULES = YES;
				CLANG_ENABLE_OBJC_ARC = YES;
				CLANG_ENABLE_OBJC_WEAK = YES;
				CLANG_WARN_BLOCK_CAPTURE_AUTORELEASING = YES;
				CLANG_WARN_BOOL_CONVERSION = YES;
				CLANG_WARN_COMMA = YES;
				CLANG_WARN_CONSTANT_CONVERSION = YES;
				CLANG_WARN_DEPRECATED_OBJC_IMPLEMENTATIONS = YES;
				CLANG_WARN_DIRECT_OBJC_ISA_USAGE = YES_ERROR;
				CLANG_WARN_DOCUMENTATION_COMMENTS = YES;
				CLANG_WARN_EMPTY_BODY = YES;
				CLANG_WARN_ENUM_CONVERSION = YES;
				CLANG_WARN_INFINITE_RECURSION = YES;
				CLANG_WARN_INT_CONVERSION = YES;
				CLANG_WARN_NON_LITERAL_NULL_CONVERSION = YES;
				CLANG_WARN_OBJC_IMPLICIT_RETAIN_SELF = YES;
				CLANG_WARN_OBJC_LITERAL_CONVERSION = YES;
				CLANG_WARN_OBJC_ROOT_CLASS = YES_ERROR;
				CLANG_WARN_QUOTED_INCLUDE_IN_FRAMEWORK_HEADER = YES;
				CLANG_WARN_RANGE_LOOP_ANALYSIS = YES;
				CLANG_WARN_STRICT_PROTOTYPES = YES;
				CLANG_WARN_SUSPICIOUS_MOVE = YES;
				CLANG_WARN_UNGUARDED_AVAILABILITY = YES_AGGRESSIVE;
				CLANG_WARN_UNREACHABLE_CODE = YES;
				CLANG_WARN__DUPLICATE_METHOD_MATCH = YES;
				COPY_PHASE_STRIP = NO;
				DEBUG_INFORMATION_FORMAT = "dwarf-with-dsym";
				ENABLE_NS_ASSERTIONS = NO;
				ENABLE_STRICT_OBJC_MSGSEND = YES;
				GCC_C_LANGUAGE_STANDARD = gnu11;
				GCC_NO_COMMON_BLOCKS = YES;
				GCC_WARN_64_TO_32_BIT_CONVERSION = YES;
				GCC_WARN_ABOUT_RETURN_TYPE = YES_ERROR;
				GCC_WARN_UNDECLARED_SELECTOR = YES;
				GCC_WARN_UNINITIALIZED_AUTOS = YES_AGGRESSIVE;
				GCC_WARN_UNUSED_FUNCTION = YES;
				GCC_WARN_UNUSED_VARIABLE = YES;
				IPHONEOS_DEPLOYMENT_TARGET = 16.4;
				MTL_ENABLE_DEBUG_INFO = NO;
				MTL_FAST_MATH = YES;
				SDKROOT = iphoneos;
				SWIFT_COMPILATION_MODE = wholemodule;
				SWIFT_OPTIMIZATION_LEVEL = "-O";
				VALIDATE_PRODUCT = YES;
			};
			name = Release;
		};
		0CC974282B7FD13E00354514 /* Debug */ = {
			isa = XCBuildConfiguration;
			buildSettings = {
				ASSETCATALOG_COMPILER_APPICON_NAME = AppIcon;
				ASSETCATALOG_COMPILER_GLOBAL_ACCENT_COLOR_NAME = AccentColor;
				CODE_SIGN_STYLE = Automatic;
				CURRENT_PROJECT_VERSION = 1;
				GENERATE_INFOPLIST_FILE = YES;
				INFOPLIST_FILE = labCalculator/Info.plist;
				INFOPLIST_KEY_UIApplicationSupportsIndirectInputEvents = YES;
				INFOPLIST_KEY_UILaunchStoryboardName = LaunchScreen;
				INFOPLIST_KEY_UIMainStoryboardFile = Main;
				INFOPLIST_KEY_UISupportedInterfaceOrientations_iPad = "UIInterfaceOrientationPortrait UIInterfaceOrientationPortraitUpsideDown UIInterfaceOrientationLandscapeLeft UIInterfaceOrientationLandscapeRight";
				INFOPLIST_KEY_UISupportedInterfaceOrientations_iPhone = "UIInterfaceOrientationPortrait UIInterfaceOrientationLandscapeLeft UIInterfaceOrientationLandscapeRight";
				LD_RUNPATH_SEARCH_PATHS = (
					"$(inherited)",
					"@executable_path/Frameworks",
				);
				MARKETING_VERSION = 1.0;
				PRODUCT_BUNDLE_IDENTIFIER = rada.labCalculator;
				PRODUCT_NAME = "$(TARGET_NAME)";
				SWIFT_EMIT_LOC_STRINGS = YES;
				SWIFT_VERSION = 5.0;
				TARGETED_DEVICE_FAMILY = "1,2";
			};
			name = Debug;
		};
		0CC974292B7FD13E00354514 /* Release */ = {
			isa = XCBuildConfiguration;
			buildSettings = {
				ASSETCATALOG_COMPILER_APPICON_NAME = AppIcon;
				ASSETCATALOG_COMPILER_GLOBAL_ACCENT_COLOR_NAME = AccentColor;
				CODE_SIGN_STYLE = Automatic;
				CURRENT_PROJECT_VERSION = 1;
				GENERATE_INFOPLIST_FILE = YES;
				INFOPLIST_FILE = labCalculator/Info.plist;
				INFOPLIST_KEY_UIApplicationSupportsIndirectInputEvents = YES;
				INFOPLIST_KEY_UILaunchStoryboardName = LaunchScreen;
				INFOPLIST_KEY_UIMainStoryboardFile = Main;
				INFOPLIST_KEY_UISupportedInterfaceOrientations_iPad = "UIInterfaceOrientationPortrait UIInterfaceOrientationPortraitUpsideDown UIInterfaceOrientationLandscapeLeft UIInterfaceOrientationLandscapeRight";
				INFOPLIST_KEY_UISupportedInterfaceOrientations_iPhone = "UIInterfaceOrientationPortrait UIInterfaceOrientationLandscapeLeft UIInterfaceOrientationLandscapeRight";
				LD_RUNPATH_SEARCH_PATHS = (
					"$(inherited)",
					"@executable_path/Frameworks",
				);
				MARKETING_VERSION = 1.0;
				PRODUCT_BUNDLE_IDENTIFIER = rada.labCalculator;
				PRODUCT_NAME = "$(TARGET_NAME)";
				SWIFT_EMIT_LOC_STRINGS = YES;
				SWIFT_VERSION = 5.0;
				TARGETED_DEVICE_FAMILY = "1,2";
			};
			name = Release;
		};
		0CC9742B2B7FD13E00354514 /* Debug */ = {
			isa = XCBuildConfiguration;
			buildSettings = {
				ALWAYS_EMBED_SWIFT_STANDARD_LIBRARIES = YES;
				BUNDLE_LOADER = "$(TEST_HOST)";
				CODE_SIGN_STYLE = Automatic;
				CURRENT_PROJECT_VERSION = 1;
				GENERATE_INFOPLIST_FILE = YES;
				IPHONEOS_DEPLOYMENT_TARGET = 16.4;
				MARKETING_VERSION = 1.0;
				PRODUCT_BUNDLE_IDENTIFIER = rada.labCalculatorTests;
				PRODUCT_NAME = "$(TARGET_NAME)";
				SWIFT_EMIT_LOC_STRINGS = NO;
				SWIFT_VERSION = 5.0;
				TARGETED_DEVICE_FAMILY = "1,2";
				TEST_HOST = "$(BUILT_PRODUCTS_DIR)/labCalculator.app/$(BUNDLE_EXECUTABLE_FOLDER_PATH)/labCalculator";
			};
			name = Debug;
		};
		0CC9742C2B7FD13E00354514 /* Release */ = {
			isa = XCBuildConfiguration;
			buildSettings = {
				ALWAYS_EMBED_SWIFT_STANDARD_LIBRARIES = YES;
				BUNDLE_LOADER = "$(TEST_HOST)";
				CODE_SIGN_STYLE = Automatic;
				CURRENT_PROJECT_VERSION = 1;
				GENERATE_INFOPLIST_FILE = YES;
				IPHONEOS_DEPLOYMENT_TARGET = 16.4;
				MARKETING_VERSION = 1.0;
				PRODUCT_BUNDLE_IDENTIFIER = rada.labCalculatorTests;
				PRODUCT_NAME = "$(TARGET_NAME)";
				SWIFT_EMIT_LOC_STRINGS = NO;
				SWIFT_VERSION = 5.0;
				TARGETED_DEVICE_FAMILY = "1,2";
				TEST_HOST = "$(BUILT_PRODUCTS_DIR)/labCalculator.app/$(BUNDLE_EXECUTABLE_FOLDER_PATH)/labCalculator";
			};
			name = Release;
		};
		0CC9742E2B7FD13E00354514 /* Debug */ = {
			isa = XCBuildConfiguration;
			buildSettings = {
				ALWAYS_EMBED_SWIFT_STANDARD_LIBRARIES = YES;
				CODE_SIGN_STYLE = Automatic;
				CURRENT_PROJECT_VERSION = 1;
				GENERATE_INFOPLIST_FILE = YES;
				MARKETING_VERSION = 1.0;
				PRODUCT_BUNDLE_IDENTIFIER = rada.labCalculatorUITests;
				PRODUCT_NAME = "$(TARGET_NAME)";
				SWIFT_EMIT_LOC_STRINGS = NO;
				SWIFT_VERSION = 5.0;
				TARGETED_DEVICE_FAMILY = "1,2";
				TEST_TARGET_NAME = labCalculator;
			};
			name = Debug;
		};
		0CC9742F2B7FD13E00354514 /* Release */ = {
			isa = XCBuildConfiguration;
			buildSettings = {
				ALWAYS_EMBED_SWIFT_STANDARD_LIBRARIES = YES;
				CODE_SIGN_STYLE = Automatic;
				CURRENT_PROJECT_VERSION = 1;
				GENERATE_INFOPLIST_FILE = YES;
				MARKETING_VERSION = 1.0;
				PRODUCT_BUNDLE_IDENTIFIER = rada.labCalculatorUITests;
				PRODUCT_NAME = "$(TARGET_NAME)";
				SWIFT_EMIT_LOC_STRINGS = NO;
				SWIFT_VERSION = 5.0;
				TARGETED_DEVICE_FAMILY = "1,2";
				TEST_TARGET_NAME = labCalculator;
			};
			name = Release;
		};
/* End XCBuildConfiguration section */

/* Begin XCConfigurationList section */
		0CC973F82B7FD13C00354514 /* Build configuration list for PBXProject "labCalculator" */ = {
			isa = XCConfigurationList;
			buildConfigurations = (
				0CC974252B7FD13E00354514 /* Debug */,
				0CC974262B7FD13E00354514 /* Release */,
			);
			defaultConfigurationIsVisible = 0;
			defaultConfigurationName = Release;
		};
		0CC974272B7FD13E00354514 /* Build configuration list for PBXNativeTarget "labCalculator" */ = {
			isa = XCConfigurationList;
			buildConfigurations = (
				0CC974282B7FD13E00354514 /* Debug */,
				0CC974292B7FD13E00354514 /* Release */,
			);
			defaultConfigurationIsVisible = 0;
			defaultConfigurationName = Release;
		};
		0CC9742A2B7FD13E00354514 /* Build configuration list for PBXNativeTarget "labCalculatorTests" */ = {
			isa = XCConfigurationList;
			buildConfigurations = (
				0CC9742B2B7FD13E00354514 /* Debug */,
				0CC9742C2B7FD13E00354514 /* Release */,
			);
			defaultConfigurationIsVisible = 0;
			defaultConfigurationName = Release;
		};
		0CC9742D2B7FD13E00354514 /* Build configuration list for PBXNativeTarget "labCalculatorUITests" */ = {
			isa = XCConfigurationList;
			buildConfigurations = (
				0CC9742E2B7FD13E00354514 /* Debug */,
				0CC9742F2B7FD13E00354514 /* Release */,
			);
			defaultConfigurationIsVisible = 0;
			defaultConfigurationName = Release;
		};
/* End XCConfigurationList section */
	};
	rootObject = 0CC973F52B7FD13C00354514 /* Project object */;
}
